
Microsoft Visual Studio Solution File, Format Version 12.00
# Visual Studio Version 17
VisualStudioVersion = 17.14.36623.8
MinimumVisualStudioVersion = 10.0.40219.1
Project("{FAE04EC0-301F-11D3-BF4B-00C04F79EFBC}") = "TP-3", "TP-3.csproj", "{E1EBBEA4-802D-40F4-ACBD-9B72634421B1}"
EndProject
Project("{FAE04EC0-301F-11D3-BF4B-00C04F79EFBC}") = "TP-3_testsUnitaires", "..\TP-3_testsUnitaires\TP-3_testsUnitaires.csproj", "{7DA7FE27-A284-40CF-B9B7-2D896437AA8B}"
EndProject
Global
	GlobalSection(SolutionConfigurationPlatforms) = preSolution
		Debug|Any CPU = Debug|Any CPU
		Release|Any CPU = Release|Any CPU
	EndGlobalSection
	GlobalSection(ProjectConfigurationPlatforms) = postSolution
		{E1EBBEA4-802D-40F4-ACBD-9B72634421B1}.Debug|Any CPU.ActiveCfg = Debug|Any CPU
		{E1EBBEA4-802D-40F4-ACBD-9B72634421B1}.Debug|Any CPU.Build.0 = Debug|Any CPU
		{E1EBBEA4-802D-40F4-ACBD-9B72634421B1}.Release|Any CPU.ActiveCfg = Release|Any CPU
		{E1EBBEA4-802D-40F4-ACBD-9B72634421B1}.Release|Any CPU.Build.0 = Release|Any CPU
		{7DA7FE27-A284-40CF-B9B7-2D896437AA8B}.Debug|Any CPU.ActiveCfg = Debug|Any CPU
		{7DA7FE27-A284-40CF-B9B7-2D896437AA8B}.Debug|Any CPU.Build.0 = Debug|Any CPU
		{7DA7FE27-A284-40CF-B9B7-2D896437AA8B}.Release|Any CPU.ActiveCfg = Release|Any CPU
		{7DA7FE27-A284-40CF-B9B7-2D896437AA8B}.Release|Any CPU.Build.0 = Release|Any CPU
	EndGlobalSection
	GlobalSection(SolutionProperties) = preSolution
		HideSolutionNode = FALSE
	EndGlobalSection
	GlobalSection(ExtensibilityGlobals) = postSolution
		SolutionGuid = {E9315293-1D3D-4CC9-9BEC-4352A8CBA876}
	EndGlobalSection
EndGlobal
